
Microsoft Visual Studio Solution File, Format Version 12.00
# Visual Studio Version 16
VisualStudioVersion = 16.0.31911.196
MinimumVisualStudioVersion = 10.0.40219.1
Project("{FAE04EC0-301F-11D3-BF4B-00C04F79EFBC}") = "ADO_TaskLearn", "ADO_TaskLearn.csproj", "{882DBC70-97C5-4485-B64A-287B71D9D4DC}"
EndProject
Global
	GlobalSection(SolutionConfigurationPlatforms) = preSolution
		Debug|Any CPU = Debug|Any CPU
		Release|Any CPU = Release|Any CPU
	EndGlobalSection
	GlobalSection(ProjectConfigurationPlatforms) = postSolution
		{882DBC70-97C5-4485-B64A-287B71D9D4DC}.Debug|Any CPU.ActiveCfg = Debug|Any CPU
		{882DBC70-97C5-4485-B64A-287B71D9D4DC}.Debug|Any CPU.Build.0 = Debug|Any CPU
		{882DBC70-97C5-4485-B64A-287B71D9D4DC}.Release|Any CPU.ActiveCfg = Release|Any CPU
		{882DBC70-97C5-4485-B64A-287B71D9D4DC}.Release|Any CPU.Build.0 = Release|Any CPU
	EndGlobalSection
	GlobalSection(SolutionProperties) = preSolution
		HideSolutionNode = FALSE
	EndGlobalSection
	GlobalSection(ExtensibilityGlobals) = postSolution
		SolutionGuid = {30589BAF-3CF2-4AF0-ACD6-C63B8069BF12}
	EndGlobalSection
EndGlobal
